
Microsoft Visual Studio Solution File, Format Version 12.00
# Visual Studio Version 16
VisualStudioVersion = 16.0.28729.10
MinimumVisualStudioVersion = 10.0.40219.1
Project("{F184B08F-C81C-45F6-A57F-5ABD9991F28F}") = "Material Take Off", "Material Take Off\Material Take Off.vbproj", "{FE3ACBAC-60F6-4C81-A601-6F151134099B}"
EndProject
Global
	GlobalSection(SolutionConfigurationPlatforms) = preSolution
		Debug|Any CPU = Debug|Any CPU
		Release|Any CPU = Release|Any CPU
	EndGlobalSection
	GlobalSection(ProjectConfigurationPlatforms) = postSolution
		{FE3ACBAC-60F6-4C81-A601-6F151134099B}.Debug|Any CPU.ActiveCfg = Debug|Any CPU
		{FE3ACBAC-60F6-4C81-A601-6F151134099B}.Debug|Any CPU.Build.0 = Debug|Any CPU
		{FE3ACBAC-60F6-4C81-A601-6F151134099B}.Release|Any CPU.ActiveCfg = Release|Any CPU
		{FE3ACBAC-60F6-4C81-A601-6F151134099B}.Release|Any CPU.Build.0 = Release|Any CPU
	EndGlobalSection
	GlobalSection(SolutionProperties) = preSolution
		HideSolutionNode = FALSE
	EndGlobalSection
	GlobalSection(ExtensibilityGlobals) = postSolution
		SolutionGuid = {2F9039E3-29D6-416A-9694-1A05A1B2F710}
	EndGlobalSection
EndGlobal
